
Microsoft Visual Studio Solution File, Format Version 12.00
# Visual Studio Version 16
VisualStudioVersion = 16.0.29613.14
MinimumVisualStudioVersion = 10.0.40219.1
Project("{FAE04EC0-301F-11D3-BF4B-00C04F79EFBC}") = "CoreAppDemo", "CoreAppDemo.csproj", "{F779A42C-0B76-4E3B-B599-2D57A5DE90A5}"
EndProject
Global
	GlobalSection(SolutionConfigurationPlatforms) = preSolution
		Debug|Any CPU = Debug|Any CPU
		Release|Any CPU = Release|Any CPU
	EndGlobalSection
	GlobalSection(ProjectConfigurationPlatforms) = postSolution
		{F779A42C-0B76-4E3B-B599-2D57A5DE90A5}.Debug|Any CPU.ActiveCfg = Debug|Any CPU
		{F779A42C-0B76-4E3B-B599-2D57A5DE90A5}.Debug|Any CPU.Build.0 = Debug|Any CPU
		{F779A42C-0B76-4E3B-B599-2D57A5DE90A5}.Release|Any CPU.ActiveCfg = Release|Any CPU
		{F779A42C-0B76-4E3B-B599-2D57A5DE90A5}.Release|Any CPU.Build.0 = Release|Any CPU
	EndGlobalSection
	GlobalSection(SolutionProperties) = preSolution
		HideSolutionNode = FALSE
	EndGlobalSection
	GlobalSection(ExtensibilityGlobals) = postSolution
		SolutionGuid = {E5024038-21F3-4966-9F44-8FBB4DB06F20}
	EndGlobalSection
EndGlobal
